
Microsoft Visual Studio Solution File, Format Version 12.00
# Visual Studio 2013
VisualStudioVersion = 12.0.21005.1
MinimumVisualStudioVersion = 10.0.40219.1
Project("{8BC9CEB8-8B4A-11D0-8D11-00A0C91BC942}") = "bai5", "bai5\bai5.vcxproj", "{ACF2DA6A-3354-4F3F-93FE-49FCEE50BAF8}"
EndProject
Project("{8BC9CEB8-8B4A-11D0-8D11-00A0C91BC942}") = "bai3", "bai3\bai3.vcxproj", "{A8443F76-7B8E-4F52-867F-6F79841E1445}"
EndProject
Project("{8BC9CEB8-8B4A-11D0-8D11-00A0C91BC942}") = "bai4", "bai4\bai4.vcxproj", "{F071A697-4CC9-47E7-949D-46C0BCB0C515}"
EndProject
Project("{8BC9CEB8-8B4A-11D0-8D11-00A0C91BC942}") = "bai1", "bai1\bai1.vcxproj", "{5F052981-E213-4531-8614-58B8F320D6B7}"
EndProject
Project("{8BC9CEB8-8B4A-11D0-8D11-00A0C91BC942}") = "bai2", "bai2\bai2.vcxproj", "{0165BBB1-B9DD-494E-82DF-05EBE5CB1197}"
EndProject
Global
	GlobalSection(SolutionConfigurationPlatforms) = preSolution
		Debug|Win32 = Debug|Win32
		Release|Win32 = Release|Win32
	EndGlobalSection
	GlobalSection(ProjectConfigurationPlatforms) = postSolution
		{ACF2DA6A-3354-4F3F-93FE-49FCEE50BAF8}.Debug|Win32.ActiveCfg = Debug|Win32
		{ACF2DA6A-3354-4F3F-93FE-49FCEE50BAF8}.Debug|Win32.Build.0 = Debug|Win32
		{ACF2DA6A-3354-4F3F-93FE-49FCEE50BAF8}.Release|Win32.ActiveCfg = Release|Win32
		{ACF2DA6A-3354-4F3F-93FE-49FCEE50BAF8}.Release|Win32.Build.0 = Release|Win32
		{A8443F76-7B8E-4F52-867F-6F79841E1445}.Debug|Win32.ActiveCfg = Debug|Win32
		{A8443F76-7B8E-4F52-867F-6F79841E1445}.Debug|Win32.Build.0 = Debug|Win32
		{A8443F76-7B8E-4F52-867F-6F79841E1445}.Release|Win32.ActiveCfg = Release|Win32
		{A8443F76-7B8E-4F52-867F-6F79841E1445}.Release|Win32.Build.0 = Release|Win32
		{F071A697-4CC9-47E7-949D-46C0BCB0C515}.Debug|Win32.ActiveCfg = Debug|Win32
		{F071A697-4CC9-47E7-949D-46C0BCB0C515}.Debug|Win32.Build.0 = Debug|Win32
		{F071A697-4CC9-47E7-949D-46C0BCB0C515}.Release|Win32.ActiveCfg = Release|Win32
		{F071A697-4CC9-47E7-949D-46C0BCB0C515}.Release|Win32.Build.0 = Release|Win32
		{5F052981-E213-4531-8614-58B8F320D6B7}.Debug|Win32.ActiveCfg = Debug|Win32
		{5F052981-E213-4531-8614-58B8F320D6B7}.Debug|Win32.Build.0 = Debug|Win32
		{5F052981-E213-4531-8614-58B8F320D6B7}.Release|Win32.ActiveCfg = Release|Win32
		{5F052981-E213-4531-8614-58B8F320D6B7}.Release|Win32.Build.0 = Release|Win32
		{0165BBB1-B9DD-494E-82DF-05EBE5CB1197}.Debug|Win32.ActiveCfg = Debug|Win32
		{0165BBB1-B9DD-494E-82DF-05EBE5CB1197}.Debug|Win32.Build.0 = Debug|Win32
		{0165BBB1-B9DD-494E-82DF-05EBE5CB1197}.Release|Win32.ActiveCfg = Release|Win32
		{0165BBB1-B9DD-494E-82DF-05EBE5CB1197}.Release|Win32.Build.0 = Release|Win32
	EndGlobalSection
	GlobalSection(SolutionProperties) = preSolution
		HideSolutionNode = FALSE
	EndGlobalSection
EndGlobal
